// !$*UTF8*$!
{
	archiveVersion = 1;
	classes = {
	};
	objectVersion = 50;
	objects = {

/* Begin PBXBuildFile section */
		3390D1BA21E675F300F5ACEA /* AppDelegate.swift in Sources */ = {isa = PBXBuildFile; fileRef = 3390D1B921E675F300F5ACEA /* AppDelegate.swift */; };
		3390D1BC21E675F300F5ACEA /* ViewController.swift in Sources */ = {isa = PBXBuildFile; fileRef = 3390D1BB21E675F300F5ACEA /* ViewController.swift */; };
		3390D1BF21E675F300F5ACEA /* Main.storyboard in Resources */ = {isa = PBXBuildFile; fileRef = 3390D1BD21E675F300F5ACEA /* Main.storyboard */; };
		3390D1C121E675F600F5ACEA /* Assets.xcassets in Resources */ = {isa = PBXBuildFile; fileRef = 3390D1C021E675F600F5ACEA /* Assets.xcassets */; };
		3390D1C421E675F600F5ACEA /* LaunchScreen.storyboard in Resources */ = {isa = PBXBuildFile; fileRef = 3390D1C221E675F600F5ACEA /* LaunchScreen.storyboard */; };
		3390D1D221E6764A00F5ACEA /* AppDelegate.swift in Sources */ = {isa = PBXBuildFile; fileRef = 3390D1D121E6764A00F5ACEA /* AppDelegate.swift */; };
		3390D1D421E6764A00F5ACEA /* ViewController.swift in Sources */ = {isa = PBXBuildFile; fileRef = 3390D1D321E6764A00F5ACEA /* ViewController.swift */; };
		3390D1D721E6764A00F5ACEA /* Main.storyboard in Resources */ = {isa = PBXBuildFile; fileRef = 3390D1D521E6764A00F5ACEA /* Main.storyboard */; };
		3390D1DC21E6764C00F5ACEA /* LaunchScreen.storyboard in Resources */ = {isa = PBXBuildFile; fileRef = 3390D1DA21E6764C00F5ACEA /* LaunchScreen.storyboard */; };
		3390D1E221E6776500F5ACEA /* Assets.xcassets in Resources */ = {isa = PBXBuildFile; fileRef = 3390D1C021E675F600F5ACEA /* Assets.xcassets */; };
/* End PBXBuildFile section */

/* Begin PBXFileReference section */
		3390D1B621E675F300F5ACEA /* Artable.app */ = {isa = PBXFileReference; explicitFileType = wrapper.application; includeInIndex = 0; path = Artable.app; sourceTree = BUILT_PRODUCTS_DIR; };
		3390D1B921E675F300F5ACEA /* AppDelegate.swift */ = {isa = PBXFileReference; lastKnownFileType = sourcecode.swift; path = AppDelegate.swift; sourceTree = "<group>"; };
		3390D1BB21E675F300F5ACEA /* ViewController.swift */ = {isa = PBXFileReference; lastKnownFileType = sourcecode.swift; path = ViewController.swift; sourceTree = "<group>"; };
		3390D1BE21E675F300F5ACEA /* Base */ = {isa = PBXFileReference; lastKnownFileType = file.storyboard; name = Base; path = Base.lproj/Main.storyboard; sourceTree = "<group>"; };
		3390D1C021E675F600F5ACEA /* Assets.xcassets */ = {isa = PBXFileReference; lastKnownFileType = folder.assetcatalog; path = Assets.xcassets; sourceTree = "<group>"; };
		3390D1C321E675F600F5ACEA /* Base */ = {isa = PBXFileReference; lastKnownFileType = file.storyboard; name = Base; path = Base.lproj/LaunchScreen.storyboard; sourceTree = "<group>"; };
		3390D1C521E675F600F5ACEA /* Info.plist */ = {isa = PBXFileReference; lastKnownFileType = text.plist.xml; path = Info.plist; sourceTree = "<group>"; };
		3390D1CF21E6764A00F5ACEA /* ArtableAdmin.app */ = {isa = PBXFileReference; explicitFileType = wrapper.application; includeInIndex = 0; path = ArtableAdmin.app; sourceTree = BUILT_PRODUCTS_DIR; };
		3390D1D121E6764A00F5ACEA /* AppDelegate.swift */ = {isa = PBXFileReference; lastKnownFileType = sourcecode.swift; path = AppDelegate.swift; sourceTree = "<group>"; };
		3390D1D321E6764A00F5ACEA /* ViewController.swift */ = {isa = PBXFileReference; lastKnownFileType = sourcecode.swift; path = ViewController.swift; sourceTree = "<group>"; };
		3390D1D621E6764A00F5ACEA /* Base */ = {isa = PBXFileReference; lastKnownFileType = file.storyboard; name = Base; path = Base.lproj/Main.storyboard; sourceTree = "<group>"; };
		3390D1DB21E6764C00F5ACEA /* Base */ = {isa = PBXFileReference; lastKnownFileType = file.storyboard; name = Base; path = Base.lproj/LaunchScreen.storyboard; sourceTree = "<group>"; };
		3390D1DD21E6764C00F5ACEA /* Info.plist */ = {isa = PBXFileReference; lastKnownFileType = text.plist.xml; path = Info.plist; sourceTree = "<group>"; };
/* End PBXFileReference section */

/* Begin PBXFrameworksBuildPhase section */
		3390D1B321E675F300F5ACEA /* Frameworks */ = {
			isa = PBXFrameworksBuildPhase;
			buildActionMask = 2147483647;
			files = (
			);
			runOnlyForDeploymentPostprocessing = 0;
		};
		3390D1CC21E6764A00F5ACEA /* Frameworks */ = {
			isa = PBXFrameworksBuildPhase;
			buildActionMask = 2147483647;
			files = (
			);
			runOnlyForDeploymentPostprocessing = 0;
		};
/* End PBXFrameworksBuildPhase section */

/* Begin PBXGroup section */
		3390D1AD21E675F300F5ACEA = {
			isa = PBXGroup;
			children = (
				3390D1E121E6773900F5ACEA /* Shared */,
				3390D1B821E675F300F5ACEA /* Artable */,
				3390D1D021E6764A00F5ACEA /* ArtableAdmin */,
				3390D1B721E675F300F5ACEA /* Products */,
			);
			sourceTree = "<group>";
		};
		3390D1B721E675F300F5ACEA /* Products */ = {
			isa = PBXGroup;
			children = (
				3390D1B621E675F300F5ACEA /* Artable.app */,
				3390D1CF21E6764A00F5ACEA /* ArtableAdmin.app */,
			);
			name = Products;
			sourceTree = "<group>";
		};
		3390D1B821E675F300F5ACEA /* Artable */ = {
			isa = PBXGroup;
			children = (
				3390D1B921E675F300F5ACEA /* AppDelegate.swift */,
				3390D1BB21E675F300F5ACEA /* ViewController.swift */,
				3390D1BD21E675F300F5ACEA /* Main.storyboard */,
				3390D1C221E675F600F5ACEA /* LaunchScreen.storyboard */,
				3390D1C521E675F600F5ACEA /* Info.plist */,
			);
			path = Artable;
			sourceTree = "<group>";
		};
		3390D1D021E6764A00F5ACEA /* ArtableAdmin */ = {
			isa = PBXGroup;
			children = (
				3390D1D121E6764A00F5ACEA /* AppDelegate.swift */,
				3390D1D321E6764A00F5ACEA /* ViewController.swift */,
				3390D1D521E6764A00F5ACEA /* Main.storyboard */,
				3390D1DA21E6764C00F5ACEA /* LaunchScreen.storyboard */,
				3390D1DD21E6764C00F5ACEA /* Info.plist */,
			);
			path = ArtableAdmin;
			sourceTree = "<group>";
		};
		3390D1E121E6773900F5ACEA /* Shared */ = {
			isa = PBXGroup;
			children = (
				3390D1C021E675F600F5ACEA /* Assets.xcassets */,
			);
			path = Shared;
			sourceTree = "<group>";
		};
/* End PBXGroup section */

/* Begin PBXNativeTarget section */
		3390D1B521E675F300F5ACEA /* Artable */ = {
			isa = PBXNativeTarget;
			buildConfigurationList = 3390D1C821E675F600F5ACEA /* Build configuration list for PBXNativeTarget "Artable" */;
			buildPhases = (
				3390D1B221E675F300F5ACEA /* Sources */,
				3390D1B321E675F300F5ACEA /* Frameworks */,
				3390D1B421E675F300F5ACEA /* Resources */,
			);
			buildRules = (
			);
			dependencies = (
			);
			name = Artable;
			productName = Artable;
			productReference = 3390D1B621E675F300F5ACEA /* Artable.app */;
			productType = "com.apple.product-type.application";
		};
		3390D1CE21E6764A00F5ACEA /* ArtableAdmin */ = {
			isa = PBXNativeTarget;
			buildConfigurationList = 3390D1DE21E6764C00F5ACEA /* Build configuration list for PBXNativeTarget "ArtableAdmin" */;
			buildPhases = (
				3390D1CB21E6764A00F5ACEA /* Sources */,
				3390D1CC21E6764A00F5ACEA /* Frameworks */,
				3390D1CD21E6764A00F5ACEA /* Resources */,
			);
			buildRules = (
			);
			dependencies = (
			);
			name = ArtableAdmin;
			productName = ArtableAdmin;
			productReference = 3390D1CF21E6764A00F5ACEA /* ArtableAdmin.app */;
			productType = "com.apple.product-type.application";
		};
/* End PBXNativeTarget section */

/* Begin PBXProject section */
		3390D1AE21E675F300F5ACEA /* Project object */ = {
			isa = PBXProject;
			attributes = {
				LastSwiftUpdateCheck = 1010;
				LastUpgradeCheck = 1010;
				ORGANIZATIONNAME = "Matthew Sutton";
				TargetAttributes = {
					3390D1B521E675F300F5ACEA = {
						CreatedOnToolsVersion = 10.1;
					};
					3390D1CE21E6764A00F5ACEA = {
						CreatedOnToolsVersion = 10.1;
					};
				};
			};
			buildConfigurationList = 3390D1B121E675F300F5ACEA /* Build configuration list for PBXProject "Artable" */;
			compatibilityVersion = "Xcode 9.3";
			developmentRegion = en;
			hasScannedForEncodings = 0;
			knownRegions = (
				en,
				Base,
			);
			mainGroup = 3390D1AD21E675F300F5ACEA;
			productRefGroup = 3390D1B721E675F300F5ACEA /* Products */;
			projectDirPath = "";
			projectRoot = "";
			targets = (
				3390D1B521E675F300F5ACEA /* Artable */,
				3390D1CE21E6764A00F5ACEA /* ArtableAdmin */,
			);
		};
/* End PBXProject section */

/* Begin PBXResourcesBuildPhase section */
		3390D1B421E675F300F5ACEA /* Resources */ = {
			isa = PBXResourcesBuildPhase;
			buildActionMask = 2147483647;
			files = (
				3390D1C421E675F600F5ACEA /* LaunchScreen.storyboard in Resources */,
				3390D1C121E675F600F5ACEA /* Assets.xcassets in Resources */,
				3390D1BF21E675F300F5ACEA /* Main.storyboard in Resources */,
			);
			runOnlyForDeploymentPostprocessing = 0;
		};
		3390D1CD21E6764A00F5ACEA /* Resources */ = {
			isa = PBXResourcesBuildPhase;
			buildActionMask = 2147483647;
			files = (
				3390D1DC21E6764C00F5ACEA /* LaunchScreen.storyboard in Resources */,
				3390D1E221E6776500F5ACEA /* Assets.xcassets in Resources */,
				3390D1D721E6764A00F5ACEA /* Main.storyboard in Resources */,
			);
			runOnlyForDeploymentPostprocessing = 0;
		};
/* End PBXResourcesBuildPhase section */

/* Begin PBXSourcesBuildPhase section */
		3390D1B221E675F300F5ACEA /* Sources */ = {
			isa = PBXSourcesBuildPhase;
			buildActionMask = 2147483647;
			files = (
				3390D1BC21E675F300F5ACEA /* ViewController.swift in Sources */,
				3390D1BA21E675F300F5ACEA /* AppDelegate.swift in Sources */,
			);
			runOnlyForDeploymentPostprocessing = 0;
		};
		3390D1CB21E6764A00F5ACEA /* Sources */ = {
			isa = PBXSourcesBuildPhase;
			buildActionMask = 2147483647;
			files = (
				3390D1D421E6764A00F5ACEA /* ViewController.swift in Sources */,
				3390D1D221E6764A00F5ACEA /* AppDelegate.swift in Sources */,
			);
			runOnlyForDeploymentPostprocessing = 0;
		};
/* End PBXSourcesBuildPhase section */

/* Begin PBXVariantGroup section */
		3390D1BD21E675F300F5ACEA /* Main.storyboard */ = {
			isa = PBXVariantGroup;
			children = (
				3390D1BE21E675F300F5ACEA /* Base */,
			);
			name = Main.storyboard;
			sourceTree = "<group>";
		};
		3390D1C221E675F600F5ACEA /* LaunchScreen.storyboard */ = {
			isa = PBXVariantGroup;
			children = (
				3390D1C321E675F600F5ACEA /* Base */,
			);
			name = LaunchScreen.storyboard;
			sourceTree = "<group>";
		};
		3390D1D521E6764A00F5ACEA /* Main.storyboard */ = {
			isa = PBXVariantGroup;
			children = (
				3390D1D621E6764A00F5ACEA /* Base */,
			);
			name = Main.storyboard;
			sourceTree = "<group>";
		};
		3390D1DA21E6764C00F5ACEA /* LaunchScreen.storyboard */ = {
			isa = PBXVariantGroup;
			children = (
				3390D1DB21E6764C00F5ACEA /* Base */,
			);
			name = LaunchScreen.storyboard;
			sourceTree = "<group>";
		};
/* End PBXVariantGroup section */

/* Begin XCBuildConfiguration section */
		3390D1C621E675F600F5ACEA /* Debug */ = {
			isa = XCBuildConfiguration;
			buildSettings = {
				ALWAYS_SEARCH_USER_PATHS = NO;
				CLANG_ANALYZER_NONNULL = YES;
				CLANG_ANALYZER_NUMBER_OBJECT_CONVERSION = YES_AGGRESSIVE;
				CLANG_CXX_LANGUAGE_STANDARD = "gnu++14";
				CLANG_CXX_LIBRARY = "libc++";
				CLANG_ENABLE_MODULES = YES;
				CLANG_ENABLE_OBJC_ARC = YES;
				CLANG_ENABLE_OBJC_WEAK = YES;
				CLANG_WARN_BLOCK_CAPTURE_AUTORELEASING = YES;
				CLANG_WARN_BOOL_CONVERSION = YES;
				CLANG_WARN_COMMA = YES;
				CLANG_WARN_CONSTANT_CONVERSION = YES;
				CLANG_WARN_DEPRECATED_OBJC_IMPLEMENTATIONS = YES;
				CLANG_WARN_DIRECT_OBJC_ISA_USAGE = YES_ERROR;
				CLANG_WARN_DOCUMENTATION_COMMENTS = YES;
				CLANG_WARN_EMPTY_BODY = YES;
				CLANG_WARN_ENUM_CONVERSION = YES;
				CLANG_WARN_INFINITE_RECURSION = YES;
				CLANG_WARN_INT_CONVERSION = YES;
				CLANG_WARN_NON_LITERAL_NULL_CONVERSION = YES;
				CLANG_WARN_OBJC_IMPLICIT_RETAIN_SELF = YES;
				CLANG_WARN_OBJC_LITERAL_CONVERSION = YES;
				CLANG_WARN_OBJC_ROOT_CLASS = YES_ERROR;
				CLANG_WARN_RANGE_LOOP_ANALYSIS = YES;
				CLANG_WARN_STRICT_PROTOTYPES = YES;
				CLANG_WARN_SUSPICIOUS_MOVE = YES;
				CLANG_WARN_UNGUARDED_AVAILABILITY = YES_AGGRESSIVE;
				CLANG_WARN_UNREACHABLE_CODE = YES;
				CLANG_WARN__DUPLICATE_METHOD_MATCH = YES;
				CODE_SIGN_IDENTITY = "iPhone Developer";
				COPY_PHASE_STRIP = NO;
				DEBUG_INFORMATION_FORMAT = dwarf;
				ENABLE_STRICT_OBJC_MSGSEND = YES;
				ENABLE_TESTABILITY = YES;
				GCC_C_LANGUAGE_STANDARD = gnu11;
				GCC_DYNAMIC_NO_PIC = NO;
				GCC_NO_COMMON_BLOCKS = YES;
				GCC_OPTIMIZATION_LEVEL = 0;
				GCC_PREPROCESSOR_DEFINITIONS = (
					"DEBUG=1",
					"$(inherited)",
				);
				GCC_WARN_64_TO_32_BIT_CONVERSION = YES;
				GCC_WARN_ABOUT_RETURN_TYPE = YES_ERROR;
				GCC_WARN_UNDECLARED_SELECTOR = YES;
				GCC_WARN_UNINITIALIZED_AUTOS = YES_AGGRESSIVE;
				GCC_WARN_UNUSED_FUNCTION = YES;
				GCC_WARN_UNUSED_VARIABLE = YES;
				IPHONEOS_DEPLOYMENT_TARGET = 12.1;
				MTL_ENABLE_DEBUG_INFO = INCLUDE_SOURCE;
				MTL_FAST_MATH = YES;
				ONLY_ACTIVE_ARCH = YES;
				SDKROOT = iphoneos;
				SWIFT_ACTIVE_COMPILATION_CONDITIONS = DEBUG;
				SWIFT_OPTIMIZATION_LEVEL = "-Onone";
			};
			name = Debug;
		};
		3390D1C721E675F600F5ACEA /* Release */ = {
			isa = XCBuildConfiguration;
			buildSettings = {
				ALWAYS_SEARCH_USER_PATHS = NO;
				CLANG_ANALYZER_NONNULL = YES;
				CLANG_ANALYZER_NUMBER_OBJECT_CONVERSION = YES_AGGRESSIVE;
				CLANG_CXX_LANGUAGE_STANDARD = "gnu++14";
				CLANG_CXX_LIBRARY = "libc++";
				CLANG_ENABLE_MODULES = YES;
				CLANG_ENABLE_OBJC_ARC = YES;
				CLANG_ENABLE_OBJC_WEAK = YES;
				CLANG_WARN_BLOCK_CAPTURE_AUTORELEASING = YES;
				CLANG_WARN_BOOL_CONVERSION = YES;
				CLANG_WARN_COMMA = YES;
				CLANG_WARN_CONSTANT_CONVERSION = YES;
				CLANG_WARN_DEPRECATED_OBJC_IMPLEMENTATIONS = YES;
				CLANG_WARN_DIRECT_OBJC_ISA_USAGE = YES_ERROR;
				CLANG_WARN_DOCUMENTATION_COMMENTS = YES;
				CLANG_WARN_EMPTY_BODY = YES;
				CLANG_WARN_ENUM_CONVERSION = YES;
				CLANG_WARN_INFINITE_RECURSION = YES;
				CLANG_WARN_INT_CONVERSION = YES;
				CLANG_WARN_NON_LITERAL_NULL_CONVERSION = YES;
				CLANG_WARN_OBJC_IMPLICIT_RETAIN_SELF = YES;
				CLANG_WARN_OBJC_LITERAL_CONVERSION = YES;
				CLANG_WARN_OBJC_ROOT_CLASS = YES_ERROR;
				CLANG_WARN_RANGE_LOOP_ANALYSIS = YES;
				CLANG_WARN_STRICT_PROTOTYPES = YES;
				CLANG_WARN_SUSPICIOUS_MOVE = YES;
				CLANG_WARN_UNGUARDED_AVAILABILITY = YES_AGGRESSIVE;
				CLANG_WARN_UNREACHABLE_CODE = YES;
				CLANG_WARN__DUPLICATE_METHOD_MATCH = YES;
				CODE_SIGN_IDENTITY = "iPhone Developer";
				COPY_PHASE_STRIP = NO;
				DEBUG_INFORMATION_FORMAT = "dwarf-with-dsym";
				ENABLE_NS_ASSERTIONS = NO;
				ENABLE_STRICT_OBJC_MSGSEND = YES;
				GCC_C_LANGUAGE_STANDARD = gnu11;
				GCC_NO_COMMON_BLOCKS = YES;
				GCC_WARN_64_TO_32_BIT_CONVERSION = YES;
				GCC_WARN_ABOUT_RETURN_TYPE = YES_ERROR;
				GCC_WARN_UNDECLARED_SELECTOR = YES;
				GCC_WARN_UNINITIALIZED_AUTOS = YES_AGGRESSIVE;
				GCC_WARN_UNUSED_FUNCTION = YES;
				GCC_WARN_UNUSED_VARIABLE = YES;
				IPHONEOS_DEPLOYMENT_TARGET = 12.1;
				MTL_ENABLE_DEBUG_INFO = NO;
				MTL_FAST_MATH = YES;
				SDKROOT = iphoneos;
				SWIFT_COMPILATION_MODE = wholemodule;
				SWIFT_OPTIMIZATION_LEVEL = "-O";
				VALIDATE_PRODUCT = YES;
			};
			name = Release;
		};
		3390D1C921E675F600F5ACEA /* Debug */ = {
			isa = XCBuildConfiguration;
			buildSettings = {
				ASSETCATALOG_COMPILER_APPICON_NAME = AppIcon;
				CODE_SIGN_STYLE = Automatic;
				DEVELOPMENT_TEAM = C6VD9U94TJ;
				INFOPLIST_FILE = Artable/Info.plist;
				LD_RUNPATH_SEARCH_PATHS = (
					"$(inherited)",
					"@executable_path/Frameworks",
				);
				PRODUCT_BUNDLE_IDENTIFIER = com.MattSutton.Artable;
				PRODUCT_NAME = "$(TARGET_NAME)";
				SWIFT_VERSION = 4.2;
				TARGETED_DEVICE_FAMILY = "1,2";
			};
			name = Debug;
		};
		3390D1CA21E675F600F5ACEA /* Release */ = {
			isa = XCBuildConfiguration;
			buildSettings = {
				ASSETCATALOG_COMPILER_APPICON_NAME = AppIcon;
				CODE_SIGN_STYLE = Automatic;
				DEVELOPMENT_TEAM = C6VD9U94TJ;
				INFOPLIST_FILE = Artable/Info.plist;
				LD_RUNPATH_SEARCH_PATHS = (
					"$(inherited)",
					"@executable_path/Frameworks",
				);
				PRODUCT_BUNDLE_IDENTIFIER = com.MattSutton.Artable;
				PRODUCT_NAME = "$(TARGET_NAME)";
				SWIFT_VERSION = 4.2;
				TARGETED_DEVICE_FAMILY = "1,2";
			};
			name = Release;
		};
		3390D1DF21E6764C00F5ACEA /* Debug */ = {
			isa = XCBuildConfiguration;
			buildSettings = {
				ASSETCATALOG_COMPILER_APPICON_NAME = AppIcon;
				CODE_SIGN_STYLE = Automatic;
				DEVELOPMENT_TEAM = C6VD9U94TJ;
				INFOPLIST_FILE = ArtableAdmin/Info.plist;
				LD_RUNPATH_SEARCH_PATHS = (
					"$(inherited)",
					"@executable_path/Frameworks",
				);
				PRODUCT_BUNDLE_IDENTIFIER = com.MattSutton.ArtableAdmin;
				PRODUCT_NAME = "$(TARGET_NAME)";
				SWIFT_VERSION = 4.2;
				TARGETED_DEVICE_FAMILY = "1,2";
			};
			name = Debug;
		};
		3390D1E021E6764C00F5ACEA /* Release */ = {
			isa = XCBuildConfiguration;
			buildSettings = {
				ASSETCATALOG_COMPILER_APPICON_NAME = AppIcon;
				CODE_SIGN_STYLE = Automatic;
				DEVELOPMENT_TEAM = C6VD9U94TJ;
				INFOPLIST_FILE = ArtableAdmin/Info.plist;
				LD_RUNPATH_SEARCH_PATHS = (
					"$(inherited)",
					"@executable_path/Frameworks",
				);
				PRODUCT_BUNDLE_IDENTIFIER = com.MattSutton.ArtableAdmin;
				PRODUCT_NAME = "$(TARGET_NAME)";
				SWIFT_VERSION = 4.2;
				TARGETED_DEVICE_FAMILY = "1,2";
			};
			name = Release;
		};
/* End XCBuildConfiguration section */

/* Begin XCConfigurationList section */
		3390D1B121E675F300F5ACEA /* Build configuration list for PBXProject "Artable" */ = {
			isa = XCConfigurationList;
			buildConfigurations = (
				3390D1C621E675F600F5ACEA /* Debug */,
				3390D1C721E675F600F5ACEA /* Release */,
			);
			defaultConfigurationIsVisible = 0;
			defaultConfigurationName = Release;
		};
		3390D1C821E675F600F5ACEA /* Build configuration list for PBXNativeTarget "Artable" */ = {
			isa = XCConfigurationList;
			buildConfigurations = (
				3390D1C921E675F600F5ACEA /* Debug */,
				3390D1CA21E675F600F5ACEA /* Release */,
			);
			defaultConfigurationIsVisible = 0;
			defaultConfigurationName = Release;
		};
		3390D1DE21E6764C00F5ACEA /* Build configuration list for PBXNativeTarget "ArtableAdmin" */ = {
			isa = XCConfigurationList;
			buildConfigurations = (
				3390D1DF21E6764C00F5ACEA /* Debug */,
				3390D1E021E6764C00F5ACEA /* Release */,
			);
			defaultConfigurationIsVisible = 0;
			defaultConfigurationName = Release;
		};
/* End XCConfigurationList section */
	};
	rootObject = 3390D1AE21E675F300F5ACEA /* Project object */;
}
